{
  "lockfileVersion": 1,
  "workspaces": {
    "": {
      "name": "diego-cornejo-com",
      "dependencies": {
        "redis": "4.6.10",
      },
    },
  },
  "packages": {
    "@redis/bloom": ["@redis/bloom@1.2.0", "", { "peerDependencies": { "@redis/client": "^1.0.0" } }, "sha512-HG2DFjYKbpNmVXsa0keLHp/3leGJz1mjh09f2RLGGLQZzSHpkmZWuwJbAvo3QcRY8p80m5+ZdXZdYOSBLlp7Cg=="],

    "@redis/client": ["@redis/client@1.5.11", "", { "dependencies": { "cluster-key-slot": "1.1.2", "generic-pool": "3.9.0", "yallist": "4.0.0" } }, "sha512-cV7yHcOAtNQ5x/yQl7Yw1xf53kO0FNDTdDU6bFIMbW6ljB7U7ns0YRM+QIkpoqTAt6zK5k9Fq0QWlUbLcq9AvA=="],

    "@redis/graph": ["@redis/graph@1.1.0", "", { "peerDependencies": { "@redis/client": "^1.0.0" } }, "sha512-16yZWngxyXPd+MJxeSr0dqh2AIOi8j9yXKcKCwVaKDbH3HTuETpDVPcLujhFYVPtYrngSco31BUcSa9TH31Gqg=="],

    "@redis/json": ["@redis/json@1.0.6", "", { "peerDependencies": { "@redis/client": "^1.0.0" } }, "sha512-rcZO3bfQbm2zPRpqo82XbW8zg4G/w4W3tI7X8Mqleq9goQjAGLL7q/1n1ZX4dXEAmORVZ4s1+uKLaUOg7LrUhw=="],

    "@redis/search": ["@redis/search@1.1.5", "", { "peerDependencies": { "@redis/client": "^1.0.0" } }, "sha512-hPP8w7GfGsbtYEJdn4n7nXa6xt6hVZnnDktKW4ArMaFQ/m/aR7eFvsLQmG/mn1Upq99btPJk+F27IQ2dYpCoUg=="],

    "@redis/time-series": ["@redis/time-series@1.0.5", "", { "peerDependencies": { "@redis/client": "^1.0.0" } }, "sha512-IFjIgTusQym2B5IZJG3XKr5llka7ey84fw/NOYqESP5WUfQs9zz1ww/9+qoz4ka/S6KcGBodzlCeZ5UImKbscg=="],

    "cluster-key-slot": ["cluster-key-slot@1.1.2", "", {}, "sha512-RMr0FhtfXemyinomL4hrWcYJxmX6deFdCxpJzhDttxgO1+bcCnkk+9drydLVDmAMG7NE6aN/fl4F7ucU/90gAA=="],

    "generic-pool": ["generic-pool@3.9.0", "", {}, "sha512-hymDOu5B53XvN4QT9dBmZxPX4CWhBPPLguTZ9MMFeFa/Kg0xWVfylOVNlJji/E7yTZWFd/q9GO5TxDLq156D7g=="],

    "redis": ["redis@4.6.10", "", { "dependencies": { "@redis/bloom": "1.2.0", "@redis/client": "1.5.11", "@redis/graph": "1.1.0", "@redis/json": "1.0.6", "@redis/search": "1.1.5", "@redis/time-series": "1.0.5" } }, "sha512-mmbyhuKgDiJ5TWUhiKhBssz+mjsuSI/lSZNPI9QvZOYzWvYGejtb+W3RlDDf8LD6Bdl5/mZeG8O1feUGhXTxEg=="],

    "yallist": ["yallist@4.0.0", "", {}, "sha512-3wdGidZyq5PB084XLES5TpOSRA3wjXAlIWMhum2kRcv/41Sn2emQ0dycQW4uZXLejwKvg6EsvbdlVL+FYEct7A=="],
  }
}
